PODS:
  - AFNetworking (3.1.0):
    - AFNetworking/NSURLSession (= 3.1.0)
    - AFNetworking/Reachability (= 3.1.0)
    - AFNetworking/Security (= 3.1.0)
    - AFNetworking/Serialization (= 3.1.0)
    - AFNetworking/UIKit (= 3.1.0)
  - AFNetworking/NSURLSession (3.1.0):
    - AFNetworking/Reachability
    - AFNetworking/Security
    - AFNetworking/Serialization
  - AFNetworking/Reachability (3.1.0)
  - AFNetworking/Security (3.1.0)
  - AFNetworking/Serialization (3.1.0)
  - AFNetworking/UIKit (3.1.0):
    - AFNetworking/NSURLSession
  - SwpRequest (2.5.9):
    - AFNetworking

DEPENDENCIES:
  - SwpRequest (from `../`)

EXTERNAL SOURCES:
  SwpRequest:
    :path: ../

SPEC CHECKSUMS:
  AFNetworking: 5e0e199f73d8626b11e79750991f5d173d1f8b67
  SwpRequest: 72ebea6f7d689977957a473ffde0c003dd1068a2

PODFILE CHECKSUM: 091123bdfe94a7f2e1db239793b235b46fa8602e

COCOAPODS: 1.3.1
