// !$*UTF8*$!
{
	archiveVersion = 1;
	classes = {
	};
	objectVersion = 46;
	objects = {

/* Begin PBXBuildFile section */
		2D9EA12B1CF55AF20003B73C /* SwpDataDispose.m in Sources */ = {isa = PBXBuildFile; fileRef = 2D9EA1231CF55AF20003B73C /* SwpDataDispose.m */; };
		2D9EA12C1CF55AF20003B73C /* SwpRequest.m in Sources */ = {isa = PBXBuildFile; fileRef = 2D9EA1251CF55AF20003B73C /* SwpRequest.m */; };
		2D9EA12D1CF55AF20003B73C /* SwpRequestTools.m in Sources */ = {isa = PBXBuildFile; fileRef = 2D9EA1271CF55AF20003B73C /* SwpRequestTools.m */; };
		2D9EA12E1CF55AF20003B73C /* SwpRequestVariableType.m in Sources */ = {isa = PBXBuildFile; fileRef = 2D9EA1291CF55AF20003B73C /* SwpRequestVariableType.m */; };
		2D9EA1311CF55B040003B73C /* SwpNetworkModel.m in Sources */ = {isa = PBXBuildFile; fileRef = 2D9EA1301CF55B040003B73C /* SwpNetworkModel.m */; };
		46D299FA1CBC96A300D4617E /* main.m in Sources */ = {isa = PBXBuildFile; fileRef = 46D299F91CBC96A300D4617E /* main.m */; };
		46D299FD1CBC96A300D4617E /* AppDelegate.m in Sources */ = {isa = PBXBuildFile; fileRef = 46D299FC1CBC96A300D4617E /* AppDelegate.m */; };
		46D29A001CBC96A300D4617E /* ViewController.m in Sources */ = {isa = PBXBuildFile; fileRef = 46D299FF1CBC96A300D4617E /* ViewController.m */; };
		46D29A031CBC96A300D4617E /* Main.storyboard in Resources */ = {isa = PBXBuildFile; fileRef = 46D29A011CBC96A300D4617E /* Main.storyboard */; };
		46D29A051CBC96A300D4617E /* Assets.xcassets in Resources */ = {isa = PBXBuildFile; fileRef = 46D29A041CBC96A300D4617E /* Assets.xcassets */; };
		46D29A081CBC96A300D4617E /* LaunchScreen.storyboard in Resources */ = {isa = PBXBuildFile; fileRef = 46D29A061CBC96A300D4617E /* LaunchScreen.storyboard */; };
		B553C3AB5F53A8B50597C1EF /* libPods-Demo.a in Frameworks */ = {isa = PBXBuildFile; fileRef = 4579CFE00EB8CF1FD01B157C /* libPods-Demo.a */; };
/* End PBXBuildFile section */

/* Begin PBXFileReference section */
		2D9EA1221CF55AF20003B73C /* SwpDataDispose.h */ = {isa = PBXFileReference; fileEncoding = 4; lastKnownFileType = sourcecode.c.h; path = SwpDataDispose.h; sourceTree = "<group>"; };
		2D9EA1231CF55AF20003B73C /* SwpDataDispose.m */ = {isa = PBXFileReference; fileEncoding = 4; lastKnownFileType = sourcecode.c.objc; path = SwpDataDispose.m; sourceTree = "<group>"; };
		2D9EA1241CF55AF20003B73C /* SwpRequest.h */ = {isa = PBXFileReference; fileEncoding = 4; lastKnownFileType = sourcecode.c.h; path = SwpRequest.h; sourceTree = "<group>"; };
		2D9EA1251CF55AF20003B73C /* SwpRequest.m */ = {isa = PBXFileReference; fileEncoding = 4; lastKnownFileType = sourcecode.c.objc; path = SwpRequest.m; sourceTree = "<group>"; };
		2D9EA1261CF55AF20003B73C /* SwpRequestTools.h */ = {isa = PBXFileReference; fileEncoding = 4; lastKnownFileType = sourcecode.c.h; path = SwpRequestTools.h; sourceTree = "<group>"; };
		2D9EA1271CF55AF20003B73C /* SwpRequestTools.m */ = {isa = PBXFileReference; fileEncoding = 4; lastKnownFileType = sourcecode.c.objc; path = SwpRequestTools.m; sourceTree = "<group>"; };
		2D9EA1281CF55AF20003B73C /* SwpRequestVariableType.h */ = {isa = PBXFileReference; fileEncoding = 4; lastKnownFileType = sourcecode.c.h; path = SwpRequestVariableType.h; sourceTree = "<group>"; };
		2D9EA1291CF55AF20003B73C /* SwpRequestVariableType.m */ = {isa = PBXFileReference; fileEncoding = 4; lastKnownFileType = sourcecode.c.objc; path = SwpRequestVariableType.m; sourceTree = "<group>"; };
		2D9EA12F1CF55B040003B73C /* SwpNetworkModel.h */ = {isa = PBXFileReference; fileEncoding = 4; lastKnownFileType = sourcecode.c.h; path = SwpNetworkModel.h; sourceTree = "<group>"; };
		2D9EA1301CF55B040003B73C /* SwpNetworkModel.m */ = {isa = PBXFileReference; fileEncoding = 4; lastKnownFileType = sourcecode.c.objc; path = SwpNetworkModel.m; sourceTree = "<group>"; };
		2DE6FCB81DF4F56A0041148D /* SwpRequestHeader.h */ = {isa = PBXFileReference; lastKnownFileType = sourcecode.c.h; path = SwpRequestHeader.h; sourceTree = "<group>"; };
		3AF79BE01FB342F3DC5C1CAC /* Pods-Demo.release.xcconfig */ = {isa = PBXFileReference; includeInIndex = 1; lastKnownFileType = text.xcconfig; name = "Pods-Demo.release.xcconfig"; path = "Pods/Target Support Files/Pods-Demo/Pods-Demo.release.xcconfig"; sourceTree = "<group>"; };
		4579CFE00EB8CF1FD01B157C /* libPods-Demo.a */ = {isa = PBXFileReference; explicitFileType = archive.ar; includeInIndex = 0; path = "libPods-Demo.a"; sourceTree = BUILT_PRODUCTS_DIR; };
		46D299F51CBC96A300D4617E /* Demo.app */ = {isa = PBXFileReference; explicitFileType = wrapper.application; includeInIndex = 0; path = Demo.app; sourceTree = BUILT_PRODUCTS_DIR; };
		46D299F91CBC96A300D4617E /* main.m */ = {isa = PBXFileReference; lastKnownFileType = sourcecode.c.objc; path = main.m; sourceTree = "<group>"; };
		46D299FB1CBC96A300D4617E /* AppDelegate.h */ = {isa = PBXFileReference; lastKnownFileType = sourcecode.c.h; path = AppDelegate.h; sourceTree = "<group>"; };
		46D299FC1CBC96A300D4617E /* AppDelegate.m */ = {isa = PBXFileReference; lastKnownFileType = sourcecode.c.objc; path = AppDelegate.m; sourceTree = "<group>"; };
		46D299FE1CBC96A300D4617E /* ViewController.h */ = {isa = PBXFileReference; lastKnownFileType = sourcecode.c.h; path = ViewController.h; sourceTree = "<group>"; };
		46D299FF1CBC96A300D4617E /* ViewController.m */ = {isa = PBXFileReference; lastKnownFileType = sourcecode.c.objc; path = ViewController.m; sourceTree = "<group>"; };
		46D29A021CBC96A300D4617E /* Base */ = {isa = PBXFileReference; lastKnownFileType = file.storyboard; name = Base; path = Base.lproj/Main.storyboard; sourceTree = "<group>"; };
		46D29A041CBC96A300D4617E /* Assets.xcassets */ = {isa = PBXFileReference; lastKnownFileType = folder.assetcatalog; path = Assets.xcassets; sourceTree = "<group>"; };
		46D29A071CBC96A300D4617E /* Base */ = {isa = PBXFileReference; lastKnownFileType = file.storyboard; name = Base; path = Base.lproj/LaunchScreen.storyboard; sourceTree = "<group>"; };
		46D29A091CBC96A300D4617E /* Info.plist */ = {isa = PBXFileReference; lastKnownFileType = text.plist.xml; path = Info.plist; sourceTree = "<group>"; };
		56EDBCA10F3EF3F09DA809E9 /* Pods-Demo.debug.xcconfig */ = {isa = PBXFileReference; includeInIndex = 1; lastKnownFileType = text.xcconfig; name = "Pods-Demo.debug.xcconfig"; path = "Pods/Target Support Files/Pods-Demo/Pods-Demo.debug.xcconfig"; sourceTree = "<group>"; };
/* End PBXFileReference section */

/* Begin PBXFrameworksBuildPhase section */
		46D299F21CBC96A300D4617E /* Frameworks */ = {
			isa = PBXFrameworksBuildPhase;
			buildActionMask = 2147483647;
			files = (
				B553C3AB5F53A8B50597C1EF /* libPods-Demo.a in Frameworks */,
			);
			runOnlyForDeploymentPostprocessing = 0;
		};
/* End PBXFrameworksBuildPhase section */

/* Begin PBXGroup section */
		2D9EA1201CF55AF20003B73C /* SwpRequest */ = {
			isa = PBXGroup;
			children = (
				2D9EA1211CF55AF20003B73C /* SwpNetworking */,
				2D9EA12A1CF55AF20003B73C /* SwpNetworkModel */,
			);
			name = SwpRequest;
			path = ../SwpRequest;
			sourceTree = "<group>";
		};
		2D9EA1211CF55AF20003B73C /* SwpNetworking */ = {
			isa = PBXGroup;
			children = (
				2D9EA1221CF55AF20003B73C /* SwpDataDispose.h */,
				2D9EA1231CF55AF20003B73C /* SwpDataDispose.m */,
				2D9EA1241CF55AF20003B73C /* SwpRequest.h */,
				2D9EA1251CF55AF20003B73C /* SwpRequest.m */,
				2D9EA1261CF55AF20003B73C /* SwpRequestTools.h */,
				2D9EA1271CF55AF20003B73C /* SwpRequestTools.m */,
				2D9EA1281CF55AF20003B73C /* SwpRequestVariableType.h */,
				2D9EA1291CF55AF20003B73C /* SwpRequestVariableType.m */,
				2DE6FCB81DF4F56A0041148D /* SwpRequestHeader.h */,
			);
			path = SwpNetworking;
			sourceTree = "<group>";
		};
		2D9EA12A1CF55AF20003B73C /* SwpNetworkModel */ = {
			isa = PBXGroup;
			children = (
				2D9EA12F1CF55B040003B73C /* SwpNetworkModel.h */,
				2D9EA1301CF55B040003B73C /* SwpNetworkModel.m */,
			);
			path = SwpNetworkModel;
			sourceTree = "<group>";
		};
		46D299EC1CBC96A300D4617E = {
			isa = PBXGroup;
			children = (
				2D9EA1201CF55AF20003B73C /* SwpRequest */,
				46D299F71CBC96A300D4617E /* Demo */,
				46D299F61CBC96A300D4617E /* Products */,
				7A34BA089C133E5BF491C926 /* Pods */,
				57ECA4CB52CC4E6F75FF7ECD /* Frameworks */,
			);
			sourceTree = "<group>";
		};
		46D299F61CBC96A300D4617E /* Products */ = {
			isa = PBXGroup;
			children = (
				46D299F51CBC96A300D4617E /* Demo.app */,
			);
			name = Products;
			sourceTree = "<group>";
		};
		46D299F71CBC96A300D4617E /* Demo */ = {
			isa = PBXGroup;
			children = (
				46D299FB1CBC96A300D4617E /* AppDelegate.h */,
				46D299FC1CBC96A300D4617E /* AppDelegate.m */,
				46D299FE1CBC96A300D4617E /* ViewController.h */,
				46D299FF1CBC96A300D4617E /* ViewController.m */,
				46D29A011CBC96A300D4617E /* Main.storyboard */,
				46D29A041CBC96A300D4617E /* Assets.xcassets */,
				46D29A061CBC96A300D4617E /* LaunchScreen.storyboard */,
				46D29A091CBC96A300D4617E /* Info.plist */,
				46D299F81CBC96A300D4617E /* Supporting Files */,
			);
			path = Demo;
			sourceTree = "<group>";
		};
		46D299F81CBC96A300D4617E /* Supporting Files */ = {
			isa = PBXGroup;
			children = (
				46D299F91CBC96A300D4617E /* main.m */,
			);
			name = "Supporting Files";
			sourceTree = "<group>";
		};
		57ECA4CB52CC4E6F75FF7ECD /* Frameworks */ = {
			isa = PBXGroup;
			children = (
				4579CFE00EB8CF1FD01B157C /* libPods-Demo.a */,
			);
			name = Frameworks;
			sourceTree = "<group>";
		};
		7A34BA089C133E5BF491C926 /* Pods */ = {
			isa = PBXGroup;
			children = (
				56EDBCA10F3EF3F09DA809E9 /* Pods-Demo.debug.xcconfig */,
				3AF79BE01FB342F3DC5C1CAC /* Pods-Demo.release.xcconfig */,
			);
			name = Pods;
			sourceTree = "<group>";
		};
/* End PBXGroup section */

/* Begin PBXNativeTarget section */
		46D299F41CBC96A300D4617E /* Demo */ = {
			isa = PBXNativeTarget;
			buildConfigurationList = 46D29A0C1CBC96A300D4617E /* Build configuration list for PBXNativeTarget "Demo" */;
			buildPhases = (
				569FB5D7F7E01F447195B68B /* 📦 Check Pods Manifest.lock */,
				46D299F11CBC96A300D4617E /* Sources */,
				46D299F21CBC96A300D4617E /* Frameworks */,
				46D299F31CBC96A300D4617E /* Resources */,
				A5CD0D406B56E054D0B1B924 /* 📦 Embed Pods Frameworks */,
				6DC6C309D375A37D7217F95D /* 📦 Copy Pods Resources */,
			);
			buildRules = (
			);
			dependencies = (
			);
			name = Demo;
			productName = Demo;
			productReference = 46D299F51CBC96A300D4617E /* Demo.app */;
			productType = "com.apple.product-type.application";
		};
/* End PBXNativeTarget section */

/* Begin PBXProject section */
		46D299ED1CBC96A300D4617E /* Project object */ = {
			isa = PBXProject;
			attributes = {
				LastUpgradeCheck = 0810;
				ORGANIZATIONNAME = swp_song;
				TargetAttributes = {
					46D299F41CBC96A300D4617E = {
						CreatedOnToolsVersion = 7.3;
					};
				};
			};
			buildConfigurationList = 46D299F01CBC96A300D4617E /* Build configuration list for PBXProject "Demo" */;
			compatibilityVersion = "Xcode 3.2";
			developmentRegion = English;
			hasScannedForEncodings = 0;
			knownRegions = (
				en,
				Base,
			);
			mainGroup = 46D299EC1CBC96A300D4617E;
			productRefGroup = 46D299F61CBC96A300D4617E /* Products */;
			projectDirPath = "";
			projectRoot = "";
			targets = (
				46D299F41CBC96A300D4617E /* Demo */,
			);
		};
/* End PBXProject section */

/* Begin PBXResourcesBuildPhase section */
		46D299F31CBC96A300D4617E /* Resources */ = {
			isa = PBXResourcesBuildPhase;
			buildActionMask = 2147483647;
			files = (
				46D29A081CBC96A300D4617E /* LaunchScreen.storyboard in Resources */,
				46D29A051CBC96A300D4617E /* Assets.xcassets in Resources */,
				46D29A031CBC96A300D4617E /* Main.storyboard in Resources */,
			);
			runOnlyForDeploymentPostprocessing = 0;
		};
/* End PBXResourcesBuildPhase section */

/* Begin PBXShellScriptBuildPhase section */
		569FB5D7F7E01F447195B68B /* 📦 Check Pods Manifest.lock */ = {
			isa = PBXShellScriptBuildPhase;
			buildActionMask = 2147483647;
			files = (
			);
			inputPaths = (
			);
			name = "📦 Check Pods Manifest.lock";
			outputPaths = (
			);
			runOnlyForDeploymentPostprocessing = 0;
			shellPath = /bin/sh;
			shellScript = "diff \"${PODS_ROOT}/../Podfile.lock\" \"${PODS_ROOT}/Manifest.lock\" > /dev/null\nif [[ $? != 0 ]] ; then\n    cat << EOM\nerror: The sandbox is not in sync with the Podfile.lock. Run 'pod install' or update your CocoaPods installation.\nEOM\n    exit 1\nfi\n";
			showEnvVarsInLog = 0;
		};
		6DC6C309D375A37D7217F95D /* 📦 Copy Pods Resources */ = {
			isa = PBXShellScriptBuildPhase;
			buildActionMask = 2147483647;
			files = (
			);
			inputPaths = (
			);
			name = "📦 Copy Pods Resources";
			outputPaths = (
			);
			runOnlyForDeploymentPostprocessing = 0;
			shellPath = /bin/sh;
			shellScript = "\"${SRCROOT}/Pods/Target Support Files/Pods-Demo/Pods-Demo-resources.sh\"\n";
			showEnvVarsInLog = 0;
		};
		A5CD0D406B56E054D0B1B924 /* 📦 Embed Pods Frameworks */ = {
			isa = PBXShellScriptBuildPhase;
			buildActionMask = 2147483647;
			files = (
			);
			inputPaths = (
			);
			name = "📦 Embed Pods Frameworks";
			outputPaths = (
			);
			runOnlyForDeploymentPostprocessing = 0;
			shellPath = /bin/sh;
			shellScript = "\"${SRCROOT}/Pods/Target Support Files/Pods-Demo/Pods-Demo-frameworks.sh\"\n";
			showEnvVarsInLog = 0;
		};
/* End PBXShellScriptBuildPhase section */

/* Begin PBXSourcesBuildPhase section */
		46D299F11CBC96A300D4617E /* Sources */ = {
			isa = PBXSourcesBuildPhase;
			buildActionMask = 2147483647;
			files = (
				46D29A001CBC96A300D4617E /* ViewController.m in Sources */,
				2D9EA1311CF55B040003B73C /* SwpNetworkModel.m in Sources */,
				46D299FD1CBC96A300D4617E /* AppDelegate.m in Sources */,
				2D9EA12D1CF55AF20003B73C /* SwpRequestTools.m in Sources */,
				2D9EA12B1CF55AF20003B73C /* SwpDataDispose.m in Sources */,
				2D9EA12C1CF55AF20003B73C /* SwpRequest.m in Sources */,
				2D9EA12E1CF55AF20003B73C /* SwpRequestVariableType.m in Sources */,
				46D299FA1CBC96A300D4617E /* main.m in Sources */,
			);
			runOnlyForDeploymentPostprocessing = 0;
		};
/* End PBXSourcesBuildPhase section */

/* Begin PBXVariantGroup section */
		46D29A011CBC96A300D4617E /* Main.storyboard */ = {
			isa = PBXVariantGroup;
			children = (
				46D29A021CBC96A300D4617E /* Base */,
			);
			name = Main.storyboard;
			sourceTree = "<group>";
		};
		46D29A061CBC96A300D4617E /* LaunchScreen.storyboard */ = {
			isa = PBXVariantGroup;
			children = (
				46D29A071CBC96A300D4617E /* Base */,
			);
			name = LaunchScreen.storyboard;
			sourceTree = "<group>";
		};
/* End PBXVariantGroup section */

/* Begin XCBuildConfiguration section */
		46D29A0A1CBC96A300D4617E /* Debug */ = {
			isa = XCBuildConfiguration;
			buildSettings = {
				ALWAYS_SEARCH_USER_PATHS = NO;
				CLANG_ANALYZER_NONNULL = YES;
				CLANG_CXX_LANGUAGE_STANDARD = "gnu++0x";
				CLANG_CXX_LIBRARY = "libc++";
				CLANG_ENABLE_MODULES = YES;
				CLANG_ENABLE_OBJC_ARC = YES;
				CLANG_WARN_BOOL_CONVERSION = YES;
				CLANG_WARN_CONSTANT_CONVERSION = YES;
				CLANG_WARN_DIRECT_OBJC_ISA_USAGE = YES_ERROR;
				CLANG_WARN_EMPTY_BODY = YES;
				CLANG_WARN_ENUM_CONVERSION = YES;
				CLANG_WARN_INFINITE_RECURSION = YES;
				CLANG_WARN_INT_CONVERSION = YES;
				CLANG_WARN_OBJC_ROOT_CLASS = YES_ERROR;
				CLANG_WARN_SUSPICIOUS_MOVE = YES;
				CLANG_WARN_UNREACHABLE_CODE = YES;
				CLANG_WARN__DUPLICATE_METHOD_MATCH = YES;
				"CODE_SIGN_IDENTITY[sdk=iphoneos*]" = "iPhone Developer";
				COPY_PHASE_STRIP = NO;
				DEBUG_INFORMATION_FORMAT = dwarf;
				ENABLE_STRICT_OBJC_MSGSEND = YES;
				ENABLE_TESTABILITY = YES;
				GCC_C_LANGUAGE_STANDARD = gnu99;
				GCC_DYNAMIC_NO_PIC = NO;
				GCC_NO_COMMON_BLOCKS = YES;
				GCC_OPTIMIZATION_LEVEL = 0;
				GCC_PREPROCESSOR_DEFINITIONS = (
					"DEBUG=1",
					"$(inherited)",
				);
				GCC_WARN_64_TO_32_BIT_CONVERSION = YES;
				GCC_WARN_ABOUT_RETURN_TYPE = YES_ERROR;
				GCC_WARN_UNDECLARED_SELECTOR = YES;
				GCC_WARN_UNINITIALIZED_AUTOS = YES_AGGRESSIVE;
				GCC_WARN_UNUSED_FUNCTION = YES;
				GCC_WARN_UNUSED_VARIABLE = YES;
				IPHONEOS_DEPLOYMENT_TARGET = 9.3;
				MTL_ENABLE_DEBUG_INFO = YES;
				ONLY_ACTIVE_ARCH = YES;
				SDKROOT = iphoneos;
			};
			name = Debug;
		};
		46D29A0B1CBC96A300D4617E /* Release */ = {
			isa = XCBuildConfiguration;
			buildSettings = {
				ALWAYS_SEARCH_USER_PATHS = NO;
				CLANG_ANALYZER_NONNULL = YES;
				CLANG_CXX_LANGUAGE_STANDARD = "gnu++0x";
				CLANG_CXX_LIBRARY = "libc++";
				CLANG_ENABLE_MODULES = YES;
				CLANG_ENABLE_OBJC_ARC = YES;
				CLANG_WARN_BOOL_CONVERSION = YES;
				CLANG_WARN_CONSTANT_CONVERSION = YES;
				CLANG_WARN_DIRECT_OBJC_ISA_USAGE = YES_ERROR;
				CLANG_WARN_EMPTY_BODY = YES;
				CLANG_WARN_ENUM_CONVERSION = YES;
				CLANG_WARN_INFINITE_RECURSION = YES;
				CLANG_WARN_INT_CONVERSION = YES;
				CLANG_WARN_OBJC_ROOT_CLASS = YES_ERROR;
				CLANG_WARN_SUSPICIOUS_MOVE = YES;
				CLANG_WARN_UNREACHABLE_CODE = YES;
				CLANG_WARN__DUPLICATE_METHOD_MATCH = YES;
				"CODE_SIGN_IDENTITY[sdk=iphoneos*]" = "iPhone Developer";
				COPY_PHASE_STRIP = NO;
				DEBUG_INFORMATION_FORMAT = "dwarf-with-dsym";
				ENABLE_NS_ASSERTIONS = NO;
				ENABLE_STRICT_OBJC_MSGSEND = YES;
				GCC_C_LANGUAGE_STANDARD = gnu99;
				GCC_NO_COMMON_BLOCKS = YES;
				GCC_WARN_64_TO_32_BIT_CONVERSION = YES;
				GCC_WARN_ABOUT_RETURN_TYPE = YES_ERROR;
				GCC_WARN_UNDECLARED_SELECTOR = YES;
				GCC_WARN_UNINITIALIZED_AUTOS = YES_AGGRESSIVE;
				GCC_WARN_UNUSED_FUNCTION = YES;
				GCC_WARN_UNUSED_VARIABLE = YES;
				IPHONEOS_DEPLOYMENT_TARGET = 9.3;
				MTL_ENABLE_DEBUG_INFO = NO;
				SDKROOT = iphoneos;
				VALIDATE_PRODUCT = YES;
			};
			name = Release;
		};
		46D29A0D1CBC96A300D4617E /* Debug */ = {
			isa = XCBuildConfiguration;
			baseConfigurationReference = 56EDBCA10F3EF3F09DA809E9 /* Pods-Demo.debug.xcconfig */;
			buildSettings = {
				ASSETCATALOG_COMPILER_APPICON_NAME = AppIcon;
				INFOPLIST_FILE = Demo/Info.plist;
				LD_RUNPATH_SEARCH_PATHS = "$(inherited) @executable_path/Frameworks";
				PRODUCT_BUNDLE_IDENTIFIER = Demo.Demo;
				PRODUCT_NAME = "$(TARGET_NAME)";
			};
			name = Debug;
		};
		46D29A0E1CBC96A300D4617E /* Release */ = {
			isa = XCBuildConfiguration;
			baseConfigurationReference = 3AF79BE01FB342F3DC5C1CAC /* Pods-Demo.release.xcconfig */;
			buildSettings = {
				ASSETCATALOG_COMPILER_APPICON_NAME = AppIcon;
				INFOPLIST_FILE = Demo/Info.plist;
				LD_RUNPATH_SEARCH_PATHS = "$(inherited) @executable_path/Frameworks";
				PRODUCT_BUNDLE_IDENTIFIER = Demo.Demo;
				PRODUCT_NAME = "$(TARGET_NAME)";
			};
			name = Release;
		};
/* End XCBuildConfiguration section */

/* Begin XCConfigurationList section */
		46D299F01CBC96A300D4617E /* Build configuration list for PBXProject "Demo" */ = {
			isa = XCConfigurationList;
			buildConfigurations = (
				46D29A0A1CBC96A300D4617E /* Debug */,
				46D29A0B1CBC96A300D4617E /* Release */,
			);
			defaultConfigurationIsVisible = 0;
			defaultConfigurationName = Release;
		};
		46D29A0C1CBC96A300D4617E /* Build configuration list for PBXNativeTarget "Demo" */ = {
			isa = XCConfigurationList;
			buildConfigurations = (
				46D29A0D1CBC96A300D4617E /* Debug */,
				46D29A0E1CBC96A300D4617E /* Release */,
			);
			defaultConfigurationIsVisible = 0;
			defaultConfigurationName = Release;
		};
/* End XCConfigurationList section */
	};
	rootObject = 46D299ED1CBC96A300D4617E /* Project object */;
}
